Microsoft Visual Studio Solution File, Format Version 12.00
# Visual Studio Version 17
VisualStudioVersion = 17.5.2.0
MinimumVisualStudioVersion = 10.0.40219.1
Project("{FAE04EC0-301F-11D3-BF4B-00C04F79EFBC}") = "EF-MVC", "EF-MVC.csproj", "{28484261-D4B3-5E4A-DC2C-0B077FD9899E}"
EndProject
Global
	GlobalSection(SolutionConfigurationPlatforms) = preSolution
		Debug|Any CPU = Debug|Any CPU
		Release|Any CPU = Release|Any CPU
	EndGlobalSection
	GlobalSection(ProjectConfigurationPlatforms) = postSolution
		{28484261-D4B3-5E4A-DC2C-0B077FD9899E}.Debug|Any CPU.ActiveCfg = Debug|Any CPU
		{28484261-D4B3-5E4A-DC2C-0B077FD9899E}.Debug|Any CPU.Build.0 = Debug|Any CPU
		{28484261-D4B3-5E4A-DC2C-0B077FD9899E}.Release|Any CPU.ActiveCfg = Release|Any CPU
		{28484261-D4B3-5E4A-DC2C-0B077FD9899E}.Release|Any CPU.Build.0 = Release|Any CPU
	EndGlobalSection
	GlobalSection(SolutionProperties) = preSolution
		HideSolutionNode = FALSE
	EndGlobalSection
	GlobalSection(ExtensibilityGlobals) = postSolution
		SolutionGuid = {78C68438-0BD1-4E93-BB5A-717DD9BEFB4B}
	EndGlobalSection
EndGlobal
